{
  "name": "workout-planning-lib",
  "version": "1.0.0",
  "description": "Библиотека для планирования тренировок с хранением в localStorage",
  "main": "dist/index.js",
  "module": "dist/index.esm.js",
  "files": ["dist"],
  "scripts": {
    "build": "rollup -c",
    "dev": "rollup -c -w",
    "prepublishOnly": "npm run build"
  },
  "peerDependencies": {
    "react": "^18.0.0 || ^19.0.0"  // Обновлено для поддержки React 19
  },
  "devDependencies": {
    "@rollup/plugin-commonjs": "^24.0.0",
    "@rollup/plugin-node-resolve": "^15.0.0",
    "@rollup/plugin-terser": "^0.4.0",
    "rollup": "^3.15.0",
    "rollup-plugin-peer-deps-external": "^2.2.4"
  }
}